
Microsoft Visual Studio Solution File, Format Version 12.00
# Visual Studio Version 16
VisualStudioVersion = 16.0.31424.327
MinimumVisualStudioVersion = 10.0.40219.1
Project("{FAE04EC0-301F-11D3-BF4B-00C04F79EFBC}") = "Test5", "Test5\Test5.csproj", "{ECE7809A-4EC1-4B55-8F8A-FE2F5EAAF5FD}"
EndProject
Global
	GlobalSection(SolutionConfigurationPlatforms) = preSolution
		Debug|Any CPU = Debug|Any CPU
		Release|Any CPU = Release|Any CPU
	EndGlobalSection
	GlobalSection(ProjectConfigurationPlatforms) = postSolution
		{ECE7809A-4EC1-4B55-8F8A-FE2F5EAAF5FD}.Debug|Any CPU.ActiveCfg = Debug|Any CPU
		{ECE7809A-4EC1-4B55-8F8A-FE2F5EAAF5FD}.Debug|Any CPU.Build.0 = Debug|Any CPU
		{ECE7809A-4EC1-4B55-8F8A-FE2F5EAAF5FD}.Release|Any CPU.ActiveCfg = Release|Any CPU
		{ECE7809A-4EC1-4B55-8F8A-FE2F5EAAF5FD}.Release|Any CPU.Build.0 = Release|Any CPU
	EndGlobalSection
	GlobalSection(SolutionProperties) = preSolution
		HideSolutionNode = FALSE
	EndGlobalSection
	GlobalSection(ExtensibilityGlobals) = postSolution
		SolutionGuid = {9E6D8E68-80DC-4A16-A709-E136BF3532EA}
	EndGlobalSection
EndGlobal
